
Microsoft Visual Studio Solution File, Format Version 12.00
# Visual Studio Version 17
VisualStudioVersion = 17.5.002.0
MinimumVisualStudioVersion = 10.0.40219.1
Project("{9A19103F-16F7-4668-BE54-9A1E7A4F7556}") = "tapTechnicalTest", "tapTechnicalTest.csproj", "{19177A54-E7CC-48BE-8283-33B80E53EE8B}"
EndProject
Global
	GlobalSection(SolutionConfigurationPlatforms) = preSolution
		Debug|Any CPU = Debug|Any CPU
		Release|Any CPU = Release|Any CPU
	EndGlobalSection
	GlobalSection(ProjectConfigurationPlatforms) = postSolution
		{19177A54-E7CC-48BE-8283-33B80E53EE8B}.Debug|Any CPU.ActiveCfg = Debug|Any CPU
		{19177A54-E7CC-48BE-8283-33B80E53EE8B}.Debug|Any CPU.Build.0 = Debug|Any CPU
		{19177A54-E7CC-48BE-8283-33B80E53EE8B}.Release|Any CPU.ActiveCfg = Release|Any CPU
		{19177A54-E7CC-48BE-8283-33B80E53EE8B}.Release|Any CPU.Build.0 = Release|Any CPU
	EndGlobalSection
	GlobalSection(SolutionProperties) = preSolution
		HideSolutionNode = FALSE
	EndGlobalSection
	GlobalSection(ExtensibilityGlobals) = postSolution
		SolutionGuid = {EC581CD1-79F8-423B-9F42-CAACC76DD0EA}
	EndGlobalSection
EndGlobal
